// !$*UTF8*$!
{
	archiveVersion = 1;
	classes = {
	};
	objectVersion = 46;
	objects = {

/* Begin PBXBuildFile section */
		2111465B1DCCCFF600AE00CC /* AppDelegate.swift in Sources */ = {isa = PBXBuildFile; fileRef = 2111465A1DCCCFF600AE00CC /* AppDelegate.swift */; };
		2111465D1DCCCFF600AE00CC /* ViewController.swift in Sources */ = {isa = PBXBuildFile; fileRef = 2111465C1DCCCFF600AE00CC /* ViewController.swift */; };
		211146601DCCCFF600AE00CC /* Main.storyboard in Resources */ = {isa = PBXBuildFile; fileRef = 2111465E1DCCCFF600AE00CC /* Main.storyboard */; };
		211146631DCCCFF600AE00CC /* Bubble_Burst_2.xcdatamodeld in Sources */ = {isa = PBXBuildFile; fileRef = 211146611DCCCFF600AE00CC /* Bubble_Burst_2.xcdatamodeld */; };
		211146651DCCCFF600AE00CC /* Assets.xcassets in Resources */ = {isa = PBXBuildFile; fileRef = 211146641DCCCFF600AE00CC /* Assets.xcassets */; };
		211146681DCCCFF600AE00CC /* LaunchScreen.storyboard in Resources */ = {isa = PBXBuildFile; fileRef = 211146661DCCCFF600AE00CC /* LaunchScreen.storyboard */; };
/* End PBXBuildFile section */

/* Begin PBXFileReference section */
		211146571DCCCFF500AE00CC /* Bubble Burst 2.app */ = {isa = PBXFileReference; explicitFileType = wrapper.application; includeInIndex = 0; path = "Bubble Burst 2.app"; sourceTree = BUILT_PRODUCTS_DIR; };
		2111465A1DCCCFF600AE00CC /* AppDelegate.swift */ = {isa = PBXFileReference; lastKnownFileType = sourcecode.swift; path = AppDelegate.swift; sourceTree = "<group>"; };
		2111465C1DCCCFF600AE00CC /* ViewController.swift */ = {isa = PBXFileReference; lastKnownFileType = sourcecode.swift; path = ViewController.swift; sourceTree = "<group>"; };
		2111465F1DCCCFF600AE00CC /* Base */ = {isa = PBXFileReference; lastKnownFileType = file.storyboard; name = Base; path = Base.lproj/Main.storyboard; sourceTree = "<group>"; };
		211146621DCCCFF600AE00CC /* Bubble_Burst_2.xcdatamodel */ = {isa = PBXFileReference; lastKnownFileType = wrapper.xcdatamodel; path = Bubble_Burst_2.xcdatamodel; sourceTree = "<group>"; };
		211146641DCCCFF600AE00CC /* Assets.xcassets */ = {isa = PBXFileReference; lastKnownFileType = folder.assetcatalog; path = Assets.xcassets; sourceTree = "<group>"; };
		211146671DCCCFF600AE00CC /* Base */ = {isa = PBXFileReference; lastKnownFileType = file.storyboard; name = Base; path = Base.lproj/LaunchScreen.storyboard; sourceTree = "<group>"; };
		211146691DCCCFF600AE00CC /* Info.plist */ = {isa = PBXFileReference; lastKnownFileType = text.plist.xml; path = Info.plist; sourceTree = "<group>"; };
/* End PBXFileReference section */

/* Begin PBXFrameworksBuildPhase section */
		211146541DCCCFF500AE00CC /* Frameworks */ = {
			isa = PBXFrameworksBuildPhase;
			buildActionMask = 2147483647;
			files = (
			);
			runOnlyForDeploymentPostprocessing = 0;
		};
/* End PBXFrameworksBuildPhase section */

/* Begin PBXGroup section */
		2111464E1DCCCFF500AE00CC = {
			isa = PBXGroup;
			children = (
				211146591DCCCFF500AE00CC /* Bubble Burst 2 */,
				211146581DCCCFF500AE00CC /* Products */,
			);
			sourceTree = "<group>";
		};
		211146581DCCCFF500AE00CC /* Products */ = {
			isa = PBXGroup;
			children = (
				211146571DCCCFF500AE00CC /* Bubble Burst 2.app */,
			);
			name = Products;
			sourceTree = "<group>";
		};
		211146591DCCCFF500AE00CC /* Bubble Burst 2 */ = {
			isa = PBXGroup;
			children = (
				2111465A1DCCCFF600AE00CC /* AppDelegate.swift */,
				2111465C1DCCCFF600AE00CC /* ViewController.swift */,
				2111465E1DCCCFF600AE00CC /* Main.storyboard */,
				211146641DCCCFF600AE00CC /* Assets.xcassets */,
				211146661DCCCFF600AE00CC /* LaunchScreen.storyboard */,
				211146691DCCCFF600AE00CC /* Info.plist */,
				211146611DCCCFF600AE00CC /* Bubble_Burst_2.xcdatamodeld */,
			);
			path = "Bubble Burst 2";
			sourceTree = "<group>";
		};
/* End PBXGroup section */

/* Begin PBXNativeTarget section */
		211146561DCCCFF500AE00CC /* Bubble Burst 2 */ = {
			isa = PBXNativeTarget;
			buildConfigurationList = 2111466C1DCCCFF600AE00CC /* Build configuration list for PBXNativeTarget "Bubble Burst 2" */;
			buildPhases = (
				211146531DCCCFF500AE00CC /* Sources */,
				211146541DCCCFF500AE00CC /* Frameworks */,
				211146551DCCCFF500AE00CC /* Resources */,
			);
			buildRules = (
			);
			dependencies = (
			);
			name = "Bubble Burst 2";
			productName = "Bubble Burst 2";
			productReference = 211146571DCCCFF500AE00CC /* Bubble Burst 2.app */;
			productType = "com.apple.product-type.application";
		};
/* End PBXNativeTarget section */

/* Begin PBXProject section */
		2111464F1DCCCFF500AE00CC /* Project object */ = {
			isa = PBXProject;
			attributes = {
				LastSwiftUpdateCheck = 0800;
				LastUpgradeCheck = 0800;
				ORGANIZATIONNAME = "Jawad Shuaib";
				TargetAttributes = {
					211146561DCCCFF500AE00CC = {
						CreatedOnToolsVersion = 8.0;
						DevelopmentTeam = Y8VTTR5RGU;
						ProvisioningStyle = Automatic;
					};
				};
			};
			buildConfigurationList = 211146521DCCCFF500AE00CC /* Build configuration list for PBXProject "Bubble Burst 2" */;
			compatibilityVersion = "Xcode 3.2";
			developmentRegion = English;
			hasScannedForEncodings = 0;
			knownRegions = (
				en,
				Base,
			);
			mainGroup = 2111464E1DCCCFF500AE00CC;
			productRefGroup = 211146581DCCCFF500AE00CC /* Products */;
			projectDirPath = "";
			projectRoot = "";
			targets = (
				211146561DCCCFF500AE00CC /* Bubble Burst 2 */,
			);
		};
/* End PBXProject section */

/* Begin PBXResourcesBuildPhase section */
		211146551DCCCFF500AE00CC /* Resources */ = {
			isa = PBXResourcesBuildPhase;
			buildActionMask = 2147483647;
			files = (
				211146681DCCCFF600AE00CC /* LaunchScreen.storyboard in Resources */,
				211146651DCCCFF600AE00CC /* Assets.xcassets in Resources */,
				211146601DCCCFF600AE00CC /* Main.storyboard in Resources */,
			);
			runOnlyForDeploymentPostprocessing = 0;
		};
/* End PBXResourcesBuildPhase section */

/* Begin PBXSourcesBuildPhase section */
		211146531DCCCFF500AE00CC /* Sources */ = {
			isa = PBXSourcesBuildPhase;
			buildActionMask = 2147483647;
			files = (
				2111465D1DCCCFF600AE00CC /* ViewController.swift in Sources */,
				2111465B1DCCCFF600AE00CC /* AppDelegate.swift in Sources */,
				211146631DCCCFF600AE00CC /* Bubble_Burst_2.xcdatamodeld in Sources */,
			);
			runOnlyForDeploymentPostprocessing = 0;
		};
/* End PBXSourcesBuildPhase section */

/* Begin PBXVariantGroup section */
		2111465E1DCCCFF600AE00CC /* Main.storyboard */ = {
			isa = PBXVariantGroup;
			children = (
				2111465F1DCCCFF600AE00CC /* Base */,
			);
			name = Main.storyboard;
			sourceTree = "<group>";
		};
		211146661DCCCFF600AE00CC /* LaunchScreen.storyboard */ = {
			isa = PBXVariantGroup;
			children = (
				211146671DCCCFF600AE00CC /* Base */,
			);
			name = LaunchScreen.storyboard;
			sourceTree = "<group>";
		};
/* End PBXVariantGroup section */

/* Begin XCBuildConfiguration section */
		2111466A1DCCCFF600AE00CC /* Debug */ = {
			isa = XCBuildConfiguration;
			buildSettings = {
				ALWAYS_SEARCH_USER_PATHS = NO;
				CLANG_ANALYZER_NONNULL = YES;
				CLANG_CXX_LANGUAGE_STANDARD = "gnu++0x";
				CLANG_CXX_LIBRARY = "libc++";
				CLANG_ENABLE_MODULES = YES;
				CLANG_ENABLE_OBJC_ARC = YES;
				CLANG_WARN_BOOL_CONVERSION = YES;
				CLANG_WARN_CONSTANT_CONVERSION = YES;
				CLANG_WARN_DIRECT_OBJC_ISA_USAGE = YES_ERROR;
				CLANG_WARN_DOCUMENTATION_COMMENTS = YES;
				CLANG_WARN_EMPTY_BODY = YES;
				CLANG_WARN_ENUM_CONVERSION = YES;
				CLANG_WARN_INFINITE_RECURSION = YES;
				CLANG_WARN_INT_CONVERSION = YES;
				CLANG_WARN_OBJC_ROOT_CLASS = YES_ERROR;
				CLANG_WARN_SUSPICIOUS_MOVES = YES;
				CLANG_WARN_UNREACHABLE_CODE = YES;
				CLANG_WARN__DUPLICATE_METHOD_MATCH = YES;
				"CODE_SIGN_IDENTITY[sdk=iphoneos*]" = "iPhone Developer";
				COPY_PHASE_STRIP = NO;
				DEBUG_INFORMATION_FORMAT = dwarf;
				ENABLE_STRICT_OBJC_MSGSEND = YES;
				ENABLE_TESTABILITY = YES;
				GCC_C_LANGUAGE_STANDARD = gnu99;
				GCC_DYNAMIC_NO_PIC = NO;
				GCC_NO_COMMON_BLOCKS = YES;
				GCC_OPTIMIZATION_LEVEL = 0;
				GCC_PREPROCESSOR_DEFINITIONS = (
					"DEBUG=1",
					"$(inherited)",
				);
				GCC_WARN_64_TO_32_BIT_CONVERSION = YES;
				GCC_WARN_ABOUT_RETURN_TYPE = YES_ERROR;
				GCC_WARN_UNDECLARED_SELECTOR = YES;
				GCC_WARN_UNINITIALIZED_AUTOS = YES_AGGRESSIVE;
				GCC_WARN_UNUSED_FUNCTION = YES;
				GCC_WARN_UNUSED_VARIABLE = YES;
				IPHONEOS_DEPLOYMENT_TARGET = 10.0;
				MTL_ENABLE_DEBUG_INFO = YES;
				ONLY_ACTIVE_ARCH = YES;
				SDKROOT = iphoneos;
				SWIFT_ACTIVE_COMPILATION_CONDITIONS = DEBUG;
				SWIFT_OPTIMIZATION_LEVEL = "-Onone";
				TARGETED_DEVICE_FAMILY = "1,2";
			};
			name = Debug;
		};
		2111466B1DCCCFF600AE00CC /* Release */ = {
			isa = XCBuildConfiguration;
			buildSettings = {
				ALWAYS_SEARCH_USER_PATHS = NO;
				CLANG_ANALYZER_NONNULL = YES;
				CLANG_CXX_LANGUAGE_STANDARD = "gnu++0x";
				CLANG_CXX_LIBRARY = "libc++";
				CLANG_ENABLE_MODULES = YES;
				CLANG_ENABLE_OBJC_ARC = YES;
				CLANG_WARN_BOOL_CONVERSION = YES;
				CLANG_WARN_CONSTANT_CONVERSION = YES;
				CLANG_WARN_DIRECT_OBJC_ISA_USAGE = YES_ERROR;
				CLANG_WARN_DOCUMENTATION_COMMENTS = YES;
				CLANG_WARN_EMPTY_BODY = YES;
				CLANG_WARN_ENUM_CONVERSION = YES;
				CLANG_WARN_INFINITE_RECURSION = YES;
				CLANG_WARN_INT_CONVERSION = YES;
				CLANG_WARN_OBJC_ROOT_CLASS = YES_ERROR;
				CLANG_WARN_SUSPICIOUS_MOVES = YES;
				CLANG_WARN_UNREACHABLE_CODE = YES;
				CLANG_WARN__DUPLICATE_METHOD_MATCH = YES;
				"CODE_SIGN_IDENTITY[sdk=iphoneos*]" = "iPhone Developer";
				COPY_PHASE_STRIP = NO;
				DEBUG_INFORMATION_FORMAT = "dwarf-with-dsym";
				ENABLE_NS_ASSERTIONS = NO;
				ENABLE_STRICT_OBJC_MSGSEND = YES;
				GCC_C_LANGUAGE_STANDARD = gnu99;
				GCC_NO_COMMON_BLOCKS = YES;
				GCC_WARN_64_TO_32_BIT_CONVERSION = YES;
				GCC_WARN_ABOUT_RETURN_TYPE = YES_ERROR;
				GCC_WARN_UNDECLARED_SELECTOR = YES;
				GCC_WARN_UNINITIALIZED_AUTOS = YES_AGGRESSIVE;
				GCC_WARN_UNUSED_FUNCTION = YES;
				GCC_WARN_UNUSED_VARIABLE = YES;
				IPHONEOS_DEPLOYMENT_TARGET = 10.0;
				MTL_ENABLE_DEBUG_INFO = NO;
				SDKROOT = iphoneos;
				SWIFT_OPTIMIZATION_LEVEL = "-Owholemodule";
				TARGETED_DEVICE_FAMILY = "1,2";
				VALIDATE_PRODUCT = YES;
			};
			name = Release;
		};
		2111466D1DCCCFF600AE00CC /* Debug */ = {
			isa = XCBuildConfiguration;
			buildSettings = {
				ASSETCATALOG_COMPILER_APPICON_NAME = AppIcon;
				DEVELOPMENT_TEAM = Y8VTTR5RGU;
				INFOPLIST_FILE = "Bubble Burst 2/Info.plist";
				LD_RUNPATH_SEARCH_PATHS = "$(inherited) @executable_path/Frameworks";
				PRODUCT_BUNDLE_IDENTIFIER = "com.budgetelecronics.Bubble-Burst-2";
				PRODUCT_NAME = "$(TARGET_NAME)";
				SWIFT_VERSION = 3.0;
			};
			name = Debug;
		};
		2111466E1DCCCFF600AE00CC /* Release */ = {
			isa = XCBuildConfiguration;
			buildSettings = {
				ASSETCATALOG_COMPILER_APPICON_NAME = AppIcon;
				DEVELOPMENT_TEAM = Y8VTTR5RGU;
				INFOPLIST_FILE = "Bubble Burst 2/Info.plist";
				LD_RUNPATH_SEARCH_PATHS = "$(inherited) @executable_path/Frameworks";
				PRODUCT_BUNDLE_IDENTIFIER = "com.budgetelecronics.Bubble-Burst-2";
				PRODUCT_NAME = "$(TARGET_NAME)";
				SWIFT_VERSION = 3.0;
			};
			name = Release;
		};
/* End XCBuildConfiguration section */

/* Begin XCConfigurationList section */
		211146521DCCCFF500AE00CC /* Build configuration list for PBXProject "Bubble Burst 2" */ = {
			isa = XCConfigurationList;
			buildConfigurations = (
				2111466A1DCCCFF600AE00CC /* Debug */,
				2111466B1DCCCFF600AE00CC /* Release */,
			);
			defaultConfigurationIsVisible = 0;
			defaultConfigurationName = Release;
		};
		2111466C1DCCCFF600AE00CC /* Build configuration list for PBXNativeTarget "Bubble Burst 2" */ = {
			isa = XCConfigurationList;
			buildConfigurations = (
				2111466D1DCCCFF600AE00CC /* Debug */,
				2111466E1DCCCFF600AE00CC /* Release */,
			);
			defaultConfigurationIsVisible = 0;
		};
/* End XCConfigurationList section */

/* Begin XCVersionGroup section */
		211146611DCCCFF600AE00CC /* Bubble_Burst_2.xcdatamodeld */ = {
			isa = XCVersionGroup;
			children = (
				211146621DCCCFF600AE00CC /* Bubble_Burst_2.xcdatamodel */,
			);
			currentVersion = 211146621DCCCFF600AE00CC /* Bubble_Burst_2.xcdatamodel */;
			path = Bubble_Burst_2.xcdatamodeld;
			sourceTree = "<group>";
			versionGroupType = wrapper.xcdatamodel;
		};
/* End XCVersionGroup section */
	};
	rootObject = 2111464F1DCCCFF500AE00CC /* Project object */;
}
